
Microsoft Visual Studio Solution File, Format Version 12.00
# Visual Studio Version 16
VisualStudioVersion = 16.0.29306.81
MinimumVisualStudioVersion = 10.0.40219.1
Project("{FAE04EC0-301F-11D3-BF4B-00C04F79EFBC}") = "Steganography", "Steganography.csproj", "{D185B927-6FB8-497B-B3A6-A36C5DFDDA0F}"
EndProject
Global
	GlobalSection(SolutionConfigurationPlatforms) = preSolution
		Debug|Any CPU = Debug|Any CPU
		Release|Any CPU = Release|Any CPU
	EndGlobalSection
	GlobalSection(ProjectConfigurationPlatforms) = postSolution
		{D185B927-6FB8-497B-B3A6-A36C5DFDDA0F}.Debug|Any CPU.ActiveCfg = Debug|Any CPU
		{D185B927-6FB8-497B-B3A6-A36C5DFDDA0F}.Debug|Any CPU.Build.0 = Debug|Any CPU
		{D185B927-6FB8-497B-B3A6-A36C5DFDDA0F}.Release|Any CPU.ActiveCfg = Release|Any CPU
		{D185B927-6FB8-497B-B3A6-A36C5DFDDA0F}.Release|Any CPU.Build.0 = Release|Any CPU
	EndGlobalSection
	GlobalSection(SolutionProperties) = preSolution
		HideSolutionNode = FALSE
	EndGlobalSection
	GlobalSection(ExtensibilityGlobals) = postSolution
		SolutionGuid = {FB56C5AC-B90B-450F-B023-DC3A8B44B052}
	EndGlobalSection
EndGlobal
